# This file is generated by running "yarn install" inside your project.
# Manual changes might be lost - proceed with caution!

__metadata:
  version: 8
  cacheKey: 10c0

"@shopify/liquid-html-parser@npm:^2.9.0":
  version: 2.9.0
  resolution: "@shopify/liquid-html-parser@npm:2.9.0"
  dependencies:
    line-column: "npm:^1.0.2"
    ohm-js: "npm:^17.0.0"
  checksum: 10c0/1fc783d30a9907b1382b1dc226a74a025d5a0d59003778483643a344ca70b13e774daa01f1cc6b27951c1a73aeb74434208f0571ee77833f876e6ad4aa2fc245
  languageName: node
  linkType: hard

"@shopify/prettier-plugin-liquid@npm:^1.10.0":
  version: 1.10.0
  resolution: "@shopify/prettier-plugin-liquid@npm:1.10.0"
  dependencies:
    "@shopify/liquid-html-parser": "npm:^2.9.0"
    html-styles: "npm:^1.0.0"
  peerDependencies:
    prettier: ^2.0.0 || ^3.0.0
  checksum: 10c0/4b82b98459e95aca058e6371e598976cce6f2c049705f7fd0fcb6efad1c28c58d55eb1237d06b790451dbdf456084baa1df75120fb2a2f98eb6f4a791423db54
  languageName: node
  linkType: hard

"html-styles@npm:^1.0.0":
  version: 1.0.0
  resolution: "html-styles@npm:1.0.0"
  checksum: 10c0/50278b87732a33205c994908f083f615af1450d2436841fde9b6e7a7ad07f494d3731108d09e37ffef3512fe53b972447a0be20aaf3d2bd4ec2adc1633b11cb5
  languageName: node
  linkType: hard

"isarray@npm:1.0.0, isarray@npm:^1.0.0":
  version: 1.0.0
  resolution: "isarray@npm:1.0.0"
  checksum: 10c0/18b5be6669be53425f0b84098732670ed4e727e3af33bc7f948aac01782110eb9a18b3b329c5323bcdd3acdaae547ee077d3951317e7f133bff7105264b3003d
  languageName: node
  linkType: hard

"isobject@npm:^2.0.0":
  version: 2.1.0
  resolution: "isobject@npm:2.1.0"
  dependencies:
    isarray: "npm:1.0.0"
  checksum: 10c0/c4cafec73b3b2ee11be75dff8dafd283b5728235ac099b07d7873d5182553a707768e208327bbc12931b9422d8822280bf88d894a0024ff5857b3efefb480e7b
  languageName: node
  linkType: hard

"line-column@npm:^1.0.2":
  version: 1.0.2
  resolution: "line-column@npm:1.0.2"
  dependencies:
    isarray: "npm:^1.0.0"
    isobject: "npm:^2.0.0"
  checksum: 10c0/75aa918a9791362a3369c7222689350dc6df5b040314525ba79c3682f1386e13a3ceddd6b2584b8cb5c3ab3a5b3c50c940a182772dbb6361303bf6ef65fc2d64
  languageName: node
  linkType: hard

"ohm-js@npm:^17.0.0":
  version: 17.3.0
  resolution: "ohm-js@npm:17.3.0"
  checksum: 10c0/96fc0318752a60cb86a7748447ed184d98c8d2e07999c1d8a53ca61b3deea0ea8da192151193d565afad09f70715082ef5b135e98bd437b75f23f6cc012d1f01
  languageName: node
  linkType: hard

"prettier@npm:^3.8.1":
  version: 3.8.1
  resolution: "prettier@npm:3.8.1"
  bin:
    prettier: bin/prettier.cjs
  checksum: 10c0/33169b594009e48f570471271be7eac7cdcf88a209eed39ac3b8d6d78984039bfa9132f82b7e6ba3b06711f3bfe0222a62a1bfb87c43f50c25a83df1b78a2c42
  languageName: node
  linkType: hard

"root-workspace-0b6124@workspace:.":
  version: 0.0.0-use.local
  resolution: "root-workspace-0b6124@workspace:."
  dependencies:
    "@shopify/prettier-plugin-liquid": "npm:^1.10.0"
    prettier: "npm:^3.8.1"
  dependenciesMeta:
    "@shopify/prettier-plugin-liquid@1.10.0":
      unplugged: true
  languageName: unknown
  linkType: soft
